// !$*UTF8*$!
{
	archiveVersion = 1;
	classes = {
	};
	objectVersion = 77;
	objects = {

/* Begin PBXContainerItemProxy section */
		3B0251622FEADC7E009296BA /* PBXContainerItemProxy */ = {
			isa = PBXContainerItemProxy;
			containerPortal = 3B0251432FEADC7D009296BA /* Project object */;
			proxyType = 1;
			remoteGlobalIDString = 3B02514A2FEADC7D009296BA;
			remoteInfo = "Movie Suggestion App (UIKit)";
		};
		3B02516C2FEADC7E009296BA /* PBXContainerItemProxy */ = {
			isa = PBXContainerItemProxy;
			containerPortal = 3B0251432FEADC7D009296BA /* Project object */;
			proxyType = 1;
			remoteGlobalIDString = 3B02514A2FEADC7D009296BA;
			remoteInfo = "Movie Suggestion App (UIKit)";
		};
/* End PBXContainerItemProxy section */

/* Begin PBXFileReference section */
		3B02514B2FEADC7D009296BA /* Movie Suggestion App (UIKit).app */ = {isa = PBXFileReference; explicitFileType = wrapper.application; includeInIndex = 0; path = "Movie Suggestion App (UIKit).app"; sourceTree = BUILT_PRODUCTS_DIR; };
		3B0251612FEADC7E009296BA /* Movie Suggestion App (UIKit)Tests.xctest */ = {isa = PBXFileReference; explicitFileType = wrapper.cfbundle; includeInIndex = 0; path = "Movie Suggestion App (UIKit)Tests.xctest"; sourceTree = BUILT_PRODUCTS_DIR; };
		3B02516B2FEADC7E009296BA /* Movie Suggestion App (UIKit)UITests.xctest */ = {isa = PBXFileReference; explicitFileType = wrapper.cfbundle; includeInIndex = 0; path = "Movie Suggestion App (UIKit)UITests.xctest"; sourceTree = BUILT_PRODUCTS_DIR; };
/* End PBXFileReference section */

/* Begin PBXFileSystemSynchronizedBuildFileExceptionSet section */
		3B0251732FEADC7E009296BA /* Exceptions for "Movie Suggestion App (UIKit)" folder in "Movie Suggestion App (UIKit)" target */ = {
			isa = PBXFileSystemSynchronizedBuildFileExceptionSet;
			membershipExceptions = (
				Info.plist,
			);
			target = 3B02514A2FEADC7D009296BA /* Movie Suggestion App (UIKit) */;
		};
/* End PBXFileSystemSynchronizedBuildFileExceptionSet section */

/* Begin PBXFileSystemSynchronizedRootGroup section */
		3B02514D2FEADC7D009296BA /* Movie Suggestion App (UIKit) */ = {
			isa = PBXFileSystemSynchronizedRootGroup;
			exceptions = (
				3B0251732FEADC7E009296BA /* Exceptions for "Movie Suggestion App (UIKit)" folder in "Movie Suggestion App (UIKit)" target */,
			);
			path = "Movie Suggestion App (UIKit)";
			sourceTree = "<group>";
		};
		3B0251642FEADC7E009296BA /* Movie Suggestion App (UIKit)Tests */ = {
			isa = PBXFileSystemSynchronizedRootGroup;
			path = "Movie Suggestion App (UIKit)Tests";
			sourceTree = "<group>";
		};
		3B02516E2FEADC7E009296BA /* Movie Suggestion App (UIKit)UITests */ = {
			isa = PBXFileSystemSynchronizedRootGroup;
			path = "Movie Suggestion App (UIKit)UITests";
			sourceTree = "<group>";
		};
/* End PBXFileSystemSynchronizedRootGroup section */

/* Begin PBXFrameworksBuildPhase section */
		3B0251482FEADC7D009296BA /* Frameworks */ = {
			isa = PBXFrameworksBuildPhase;
			buildActionMask = 2147483647;
			files = (
			);
			runOnlyForDeploymentPostprocessing = 0;
		};
		3B02515E2FEADC7E009296BA /* Frameworks */ = {
			isa = PBXFrameworksBuildPhase;
			buildActionMask = 2147483647;
			files = (
			);
			runOnlyForDeploymentPostprocessing = 0;
		};
		3B0251682FEADC7E009296BA /* Frameworks */ = {
			isa = PBXFrameworksBuildPhase;
			buildActionMask = 2147483647;
			files = (
			);
			runOnlyForDeploymentPostprocessing = 0;
		};
/* End PBXFrameworksBuildPhase section */

/* Begin PBXGroup section */
		3B0251422FEADC7D009296BA = {
			isa = PBXGroup;
			children = (
				3B02514D2FEADC7D009296BA /* Movie Suggestion App (UIKit) */,
				3B0251642FEADC7E009296BA /* Movie Suggestion App (UIKit)Tests */,
				3B02516E2FEADC7E009296BA /* Movie Suggestion App (UIKit)UITests */,
				3B02514C2FEADC7D009296BA /* Products */,
			);
			sourceTree = "<group>";
		};
		3B02514C2FEADC7D009296BA /* Products */ = {
			isa = PBXGroup;
			children = (
				3B02514B2FEADC7D009296BA /* Movie Suggestion App (UIKit).app */,
				3B0251612FEADC7E009296BA /* Movie Suggestion App (UIKit)Tests.xctest */,
				3B02516B2FEADC7E009296BA /* Movie Suggestion App (UIKit)UITests.xctest */,
			);
			name = Products;
			sourceTree = "<group>";
		};
/* End PBXGroup section */

/* Begin PBXNativeTarget section */
		3B02514A2FEADC7D009296BA /* Movie Suggestion App (UIKit) */ = {
			isa = PBXNativeTarget;
			buildConfigurationList = 3B0251742FEADC7E009296BA /* Build configuration list for PBXNativeTarget "Movie Suggestion App (UIKit)" */;
			buildPhases = (
				3B0251472FEADC7D009296BA /* Sources */,
				3B0251482FEADC7D009296BA /* Frameworks */,
				3B0251492FEADC7D009296BA /* Resources */,
			);
			buildRules = (
			);
			dependencies = (
			);
			fileSystemSynchronizedGroups = (
				3B02514D2FEADC7D009296BA /* Movie Suggestion App (UIKit) */,
			);
			name = "Movie Suggestion App (UIKit)";
			packageProductDependencies = (
			);
			productName = "Movie Suggestion App (UIKit)";
			productReference = 3B02514B2FEADC7D009296BA /* Movie Suggestion App (UIKit).app */;
			productType = "com.apple.product-type.application";
		};
		3B0251602FEADC7E009296BA /* Movie Suggestion App (UIKit)Tests */ = {
			isa = PBXNativeTarget;
			buildConfigurationList = 3B0251792FEADC7E009296BA /* Build configuration list for PBXNativeTarget "Movie Suggestion App (UIKit)Tests" */;
			buildPhases = (
				3B02515D2FEADC7E009296BA /* Sources */,
				3B02515E2FEADC7E009296BA /* Frameworks */,
				3B02515F2FEADC7E009296BA /* Resources */,
			);
			buildRules = (
			);
			dependencies = (
				3B0251632FEADC7E009296BA /* PBXTargetDependency */,
			);
			fileSystemSynchronizedGroups = (
				3B0251642FEADC7E009296BA /* Movie Suggestion App (UIKit)Tests */,
			);
			name = "Movie Suggestion App (UIKit)Tests";
			packageProductDependencies = (
			);
			productName = "Movie Suggestion App (UIKit)Tests";
			productReference = 3B0251612FEADC7E009296BA /* Movie Suggestion App (UIKit)Tests.xctest */;
			productType = "com.apple.product-type.bundle.unit-test";
		};
		3B02516A2FEADC7E009296BA /* Movie Suggestion App (UIKit)UITests */ = {
			isa = PBXNativeTarget;
			buildConfigurationList = 3B02517C2FEADC7E009296BA /* Build configuration list for PBXNativeTarget "Movie Suggestion App (UIKit)UITests" */;
			buildPhases = (
				3B0251672FEADC7E009296BA /* Sources */,
				3B0251682FEADC7E009296BA /* Frameworks */,
				3B0251692FEADC7E009296BA /* Resources */,
			);
			buildRules = (
			);
			dependencies = (
				3B02516D2FEADC7E009296BA /* PBXTargetDependency */,
			);
			fileSystemSynchronizedGroups = (
				3B02516E2FEADC7E009296BA /* Movie Suggestion App (UIKit)UITests */,
			);
			name = "Movie Suggestion App (UIKit)UITests";
			packageProductDependencies = (
			);
			productName = "Movie Suggestion App (UIKit)UITests";
			productReference = 3B02516B2FEADC7E009296BA /* Movie Suggestion App (UIKit)UITests.xctest */;
			productType = "com.apple.product-type.bundle.ui-testing";
		};
/* End PBXNativeTarget section */

/* Begin PBXProject section */
		3B0251432FEADC7D009296BA /* Project object */ = {
			isa = PBXProject;
			attributes = {
				BuildIndependentTargetsInParallel = 1;
				LastSwiftUpdateCheck = 2650;
				LastUpgradeCheck = 2650;
				TargetAttributes = {
					3B02514A2FEADC7D009296BA = {
						CreatedOnToolsVersion = 26.5;
					};
					3B0251602FEADC7E009296BA = {
						CreatedOnToolsVersion = 26.5;
						TestTargetID = 3B02514A2FEADC7D009296BA;
					};
					3B02516A2FEADC7E009296BA = {
						CreatedOnToolsVersion = 26.5;
						TestTargetID = 3B02514A2FEADC7D009296BA;
					};
				};
			};
			buildConfigurationList = 3B0251462FEADC7D009296BA /* Build configuration list for PBXProject "Movie Suggestion App (UIKit)" */;
			developmentRegion = en;
			hasScannedForEncodings = 0;
			knownRegions = (
				en,
				Base,
			);
			mainGroup = 3B0251422FEADC7D009296BA;
			minimizedProjectReferenceProxies = 1;
			preferredProjectObjectVersion = 77;
			productRefGroup = 3B02514C2FEADC7D009296BA /* Products */;
			projectDirPath = "";
			projectRoot = "";
			targets = (
				3B02514A2FEADC7D009296BA /* Movie Suggestion App (UIKit) */,
				3B0251602FEADC7E009296BA /* Movie Suggestion App (UIKit)Tests */,
				3B02516A2FEADC7E009296BA /* Movie Suggestion App (UIKit)UITests */,
			);
		};
/* End PBXProject section */

/* Begin PBXResourcesBuildPhase section */
		3B0251492FEADC7D009296BA /* Resources */ = {
			isa = PBXResourcesBuildPhase;
			buildActionMask = 2147483647;
			files = (
			);
			runOnlyForDeploymentPostprocessing = 0;
		};
		3B02515F2FEADC7E009296BA /* Resources */ = {
			isa = PBXResourcesBuildPhase;
			buildActionMask = 2147483647;
			files = (
			);
			runOnlyForDeploymentPostprocessing = 0;
		};
		3B0251692FEADC7E009296BA /* Resources */ = {
			isa = PBXResourcesBuildPhase;
			buildActionMask = 2147483647;
			files = (
			);
			runOnlyForDeploymentPostprocessing = 0;
		};
/* End PBXResourcesBuildPhase section */

/* Begin PBXSourcesBuildPhase section */
		3B0251472FEADC7D009296BA /* Sources */ = {
			isa = PBXSourcesBuildPhase;
			buildActionMask = 2147483647;
			files = (
			);
			runOnlyForDeploymentPostprocessing = 0;
		};
		3B02515D2FEADC7E009296BA /* Sources */ = {
			isa = PBXSourcesBuildPhase;
			buildActionMask = 2147483647;
			files = (
			);
			runOnlyForDeploymentPostprocessing = 0;
		};
		3B0251672FEADC7E009296BA /* Sources */ = {
			isa = PBXSourcesBuildPhase;
			buildActionMask = 2147483647;
			files = (
			);
			runOnlyForDeploymentPostprocessing = 0;
		};
/* End PBXSourcesBuildPhase section */

/* Begin PBXTargetDependency section */
		3B0251632FEADC7E009296BA /* PBXTargetDependency */ = {
			isa = PBXTargetDependency;
			target = 3B02514A2FEADC7D009296BA /* Movie Suggestion App (UIKit) */;
			targetProxy = 3B0251622FEADC7E009296BA /* PBXContainerItemProxy */;
		};
		3B02516D2FEADC7E009296BA /* PBXTargetDependency */ = {
			isa = PBXTargetDependency;
			target = 3B02514A2FEADC7D009296BA /* Movie Suggestion App (UIKit) */;
			targetProxy = 3B02516C2FEADC7E009296BA /* PBXContainerItemProxy */;
		};
/* End PBXTargetDependency section */

/* Begin XCBuildConfiguration section */
		3B0251752FEADC7E009296BA /* Debug */ = {
			isa = XCBuildConfiguration;
			buildSettings = {
				ASSETCATALOG_COMPILER_APPICON_NAME = AppIcon;
				ASSETCATALOG_COMPILER_GLOBAL_ACCENT_COLOR_NAME = AccentColor;
				CODE_SIGN_STYLE = Automatic;
				CURRENT_PROJECT_VERSION = 1;
				GENERATE_INFOPLIST_FILE = YES;
				INFOPLIST_FILE = "Movie Suggestion App (UIKit)/Info.plist";
				INFOPLIST_KEY_UIApplicationSupportsIndirectInputEvents = YES;
				INFOPLIST_KEY_UILaunchStoryboardName = LaunchScreen;
				INFOPLIST_KEY_UIMainStoryboardFile = Main;
				INFOPLIST_KEY_UISupportedInterfaceOrientations_iPad = "UIInterfaceOrientationPortrait UIInterfaceOrientationPortraitUpsideDown UIInterfaceOrientationLandscapeLeft UIInterfaceOrientationLandscapeRight";
				INFOPLIST_KEY_UISupportedInterfaceOrientations_iPhone = "UIInterfaceOrientationPortrait UIInterfaceOrientationLandscapeLeft UIInterfaceOrientationLandscapeRight";
				LD_RUNPATH_SEARCH_PATHS = (
					"$(inherited)",
					"@executable_path/Frameworks",
				);
				MARKETING_VERSION = 1.0;
				PRODUCT_BUNDLE_IDENTIFIER = "com.prem.Movie-Suggestion-App--UIKit-";
				PRODUCT_NAME = "$(TARGET_NAME)";
				STRING_CATALOG_GENERATE_SYMBOLS = YES;
				SWIFT_APPROACHABLE_CONCURRENCY = YES;
				SWIFT_DEFAULT_ACTOR_ISOLATION = MainActor;
				SWIFT_EMIT_LOC_STRINGS = YES;
				SWIFT_UPCOMING_FEATURE_MEMBER_IMPORT_VISIBILITY = YES;
				SWIFT_VERSION = 5.0;
				TARGETED_DEVICE_FAMILY = "1,2";
			};
			name = Debug;
		};
		3B0251762FEADC7E009296BA /* Release */ = {
			isa = XCBuildConfiguration;
			buildSettings = {
				ASSETCATALOG_COMPILER_APPICON_NAME = AppIcon;
				ASSETCATALOG_COMPILER_GLOBAL_ACCENT_COLOR_NAME = AccentColor;
				CODE_SIGN_STYLE = Automatic;
				CURRENT_PROJECT_VERSION = 1;
				GENERATE_INFOPLIST_FILE = YES;
				INFOPLIST_FILE = "Movie Suggestion App (UIKit)/Info.plist";
				INFOPLIST_KEY_UIApplicationSupportsIndirectInputEvents = YES;
				INFOPLIST_KEY_UILaunchStoryboardName = LaunchScreen;
				INFOPLIST_KEY_UIMainStoryboardFile = Main;
				INFOPLIST_KEY_UISupportedInterfaceOrientations_iPad = "UIInterfaceOrientationPortrait UIInterfaceOrientationPortraitUpsideDown UIInterfaceOrientationLandscapeLeft UIInterfaceOrientationLandscapeRight";
				INFOPLIST_KEY_UISupportedInterfaceOrientations_iPhone = "UIInterfaceOrientationPortrait UIInterfaceOrientationLandscapeLeft UIInterfaceOrientationLandscapeRight";
				LD_RUNPATH_SEARCH_PATHS = (
					"$(inherited)",
					"@executable_path/Frameworks",
				);
				MARKETING_VERSION = 1.0;
				PRODUCT_BUNDLE_IDENTIFIER = "com.prem.Movie-Suggestion-App--UIKit-";
				PRODUCT_NAME = "$(TARGET_NAME)";
				STRING_CATALOG_GENERATE_SYMBOLS = YES;
				SWIFT_APPROACHABLE_CONCURRENCY = YES;
				SWIFT_DEFAULT_ACTOR_ISOLATION = MainActor;
				SWIFT_EMIT_LOC_STRINGS = YES;
				SWIFT_UPCOMING_FEATURE_MEMBER_IMPORT_VISIBILITY = YES;
				SWIFT_VERSION = 5.0;
				TARGETED_DEVICE_FAMILY = "1,2";
			};
			name = Release;
		};
		3B0251772FEADC7E009296BA /* Debug */ = {
			isa = XCBuildConfiguration;
			buildSettings = {
				ALWAYS_SEARCH_USER_PATHS = NO;
				ASSETCATALOG_COMPILER_GENERATE_SWIFT_ASSET_SYMBOL_EXTENSIONS = YES;
				CLANG_ANALYZER_NONNULL = YES;
				CLANG_ANALYZER_NUMBER_OBJECT_CONVERSION = YES_AGGRESSIVE;
				CLANG_CXX_LANGUAGE_STANDARD = "gnu++20";
				CLANG_ENABLE_MODULES = YES;
				CLANG_ENABLE_OBJC_ARC = YES;
				CLANG_ENABLE_OBJC_WEAK = YES;
				CLANG_WARN_BLOCK_CAPTURE_AUTORELEASING = YES;
				CLANG_WARN_BOOL_CONVERSION = YES;
				CLANG_WARN_COMMA = YES;
				CLANG_WARN_CONSTANT_CONVERSION = YES;
				CLANG_WARN_DEPRECATED_OBJC_IMPLEMENTATIONS = YES;
				CLANG_WARN_DIRECT_OBJC_ISA_USAGE = YES_ERROR;
				CLANG_WARN_DOCUMENTATION_COMMENTS = YES;
				CLANG_WARN_EMPTY_BODY = YES;
				CLANG_WARN_ENUM_CONVERSION = YES;
				CLANG_WARN_INFINITE_RECURSION = YES;
				CLANG_WARN_INT_CONVERSION = YES;
				CLANG_WARN_NON_LITERAL_NULL_CONVERSION = YES;
				CLANG_WARN_OBJC_IMPLICIT_RETAIN_SELF = YES;
				CLANG_WARN_OBJC_LITERAL_CONVERSION = YES;
				CLANG_WARN_OBJC_ROOT_CLASS = YES_ERROR;
				CLANG_WARN_QUOTED_INCLUDE_IN_FRAMEWORK_HEADER = YES;
				CLANG_WARN_RANGE_LOOP_ANALYSIS = YES;
				CLANG_WARN_STRICT_PROTOTYPES = YES;
				CLANG_WARN_SUSPICIOUS_MOVE = YES;
				CLANG_WARN_UNGUARDED_AVAILABILITY = YES_AGGRESSIVE;
				CLANG_WARN_UNREACHABLE_CODE = YES;
				CLANG_WARN__DUPLICATE_METHOD_MATCH = YES;
				COPY_PHASE_STRIP = NO;
				DEBUG_INFORMATION_FORMAT = dwarf;
				ENABLE_STRICT_OBJC_MSGSEND = YES;
				ENABLE_TESTABILITY = YES;
				ENABLE_USER_SCRIPT_SANDBOXING = YES;
				GCC_C_LANGUAGE_STANDARD = gnu17;
				GCC_DYNAMIC_NO_PIC = NO;
				GCC_NO_COMMON_BLOCKS = YES;
				GCC_OPTIMIZATION_LEVEL = 0;
				GCC_PREPROCESSOR_DEFINITIONS = (
					"DEBUG=1",
					"$(inherited)",
				);
				GCC_WARN_64_TO_32_BIT_CONVERSION = YES;
				GCC_WARN_ABOUT_RETURN_TYPE = YES_ERROR;
				GCC_WARN_UNDECLARED_SELECTOR = YES;
				GCC_WARN_UNINITIALIZED_AUTOS = YES_AGGRESSIVE;
				GCC_WARN_UNUSED_FUNCTION = YES;
				GCC_WARN_UNUSED_VARIABLE = YES;
				IPHONEOS_DEPLOYMENT_TARGET = 26.5;
				LOCALIZATION_PREFERS_STRING_CATALOGS = YES;
				MTL_ENABLE_DEBUG_INFO = INCLUDE_SOURCE;
				MTL_FAST_MATH = YES;
				ONLY_ACTIVE_ARCH = YES;
				SDKROOT = iphoneos;
				SWIFT_ACTIVE_COMPILATION_CONDITIONS = "DEBUG $(inherited)";
				SWIFT_OPTIMIZATION_LEVEL = "-Onone";
			};
			name = Debug;
		};
		3B0251782FEADC7E009296BA /* Release */ = {
			isa = XCBuildConfiguration;
			buildSettings = {
				ALWAYS_SEARCH_USER_PATHS = NO;
				ASSETCATALOG_COMPILER_GENERATE_SWIFT_ASSET_SYMBOL_EXTENSIONS = YES;
				CLANG_ANALYZER_NONNULL = YES;
				CLANG_ANALYZER_NUMBER_OBJECT_CONVERSION = YES_AGGRESSIVE;
				CLANG_CXX_LANGUAGE_STANDARD = "gnu++20";
				CLANG_ENABLE_MODULES = YES;
				CLANG_ENABLE_OBJC_ARC = YES;
				CLANG_ENABLE_OBJC_WEAK = YES;
				CLANG_WARN_BLOCK_CAPTURE_AUTORELEASING = YES;
				CLANG_WARN_BOOL_CONVERSION = YES;
				CLANG_WARN_COMMA = YES;
				CLANG_WARN_CONSTANT_CONVERSION = YES;
				CLANG_WARN_DEPRECATED_OBJC_IMPLEMENTATIONS = YES;
				CLANG_WARN_DIRECT_OBJC_ISA_USAGE = YES_ERROR;
				CLANG_WARN_DOCUMENTATION_COMMENTS = YES;
				CLANG_WARN_EMPTY_BODY = YES;
				CLANG_WARN_ENUM_CONVERSION = YES;
				CLANG_WARN_INFINITE_RECURSION = YES;
				CLANG_WARN_INT_CONVERSION = YES;
				CLANG_WARN_NON_LITERAL_NULL_CONVERSION = YES;
				CLANG_WARN_OBJC_IMPLICIT_RETAIN_SELF = YES;
				CLANG_WARN_OBJC_LITERAL_CONVERSION = YES;
				CLANG_WARN_OBJC_ROOT_CLASS = YES_ERROR;
				CLANG_WARN_QUOTED_INCLUDE_IN_FRAMEWORK_HEADER = YES;
				CLANG_WARN_RANGE_LOOP_ANALYSIS = YES;
				CLANG_WARN_STRICT_PROTOTYPES = YES;
				CLANG_WARN_SUSPICIOUS_MOVE = YES;
				CLANG_WARN_UNGUARDED_AVAILABILITY = YES_AGGRESSIVE;
				CLANG_WARN_UNREACHABLE_CODE = YES;
				CLANG_WARN__DUPLICATE_METHOD_MATCH = YES;
				COPY_PHASE_STRIP = NO;
				DEBUG_INFORMATION_FORMAT = "dwarf-with-dsym";
				ENABLE_NS_ASSERTIONS = NO;
				ENABLE_STRICT_OBJC_MSGSEND = YES;
				ENABLE_USER_SCRIPT_SANDBOXING = YES;
				GCC_C_LANGUAGE_STANDARD = gnu17;
				GCC_NO_COMMON_BLOCKS = YES;
				GCC_WARN_64_TO_32_BIT_CONVERSION = YES;
				GCC_WARN_ABOUT_RETURN_TYPE = YES_ERROR;
				GCC_WARN_UNDECLARED_SELECTOR = YES;
				GCC_WARN_UNINITIALIZED_AUTOS = YES_AGGRESSIVE;
				GCC_WARN_UNUSED_FUNCTION = YES;
				GCC_WARN_UNUSED_VARIABLE = YES;
				IPHONEOS_DEPLOYMENT_TARGET = 26.5;
				LOCALIZATION_PREFERS_STRING_CATALOGS = YES;
				MTL_ENABLE_DEBUG_INFO = NO;
				MTL_FAST_MATH = YES;
				SDKROOT = iphoneos;
				SWIFT_COMPILATION_MODE = wholemodule;
				VALIDATE_PRODUCT = YES;
			};
			name = Release;
		};
		3B02517A2FEADC7E009296BA /* Debug */ = {
			isa = XCBuildConfiguration;
			buildSettings = {
				BUNDLE_LOADER = "$(TEST_HOST)";
				CODE_SIGN_STYLE = Automatic;
				CURRENT_PROJECT_VERSION = 1;
				GENERATE_INFOPLIST_FILE = YES;
				IPHONEOS_DEPLOYMENT_TARGET = 26.5;
				MARKETING_VERSION = 1.0;
				PRODUCT_BUNDLE_IDENTIFIER = "com.prem.Movie-Suggestion-App--UIKit-Tests";
				PRODUCT_NAME = "$(TARGET_NAME)";
				STRING_CATALOG_GENERATE_SYMBOLS = NO;
				SWIFT_APPROACHABLE_CONCURRENCY = YES;
				SWIFT_EMIT_LOC_STRINGS = NO;
				SWIFT_UPCOMING_FEATURE_MEMBER_IMPORT_VISIBILITY = YES;
				SWIFT_VERSION = 5.0;
				TARGETED_DEVICE_FAMILY = "1,2";
				TEST_HOST = "$(BUILT_PRODUCTS_DIR)/Movie Suggestion App (UIKit).app/$(BUNDLE_EXECUTABLE_FOLDER_PATH)/Movie Suggestion App (UIKit)";
			};
			name = Debug;
		};
		3B02517B2FEADC7E009296BA /* Release */ = {
			isa = XCBuildConfiguration;
			buildSettings = {
				BUNDLE_LOADER = "$(TEST_HOST)";
				CODE_SIGN_STYLE = Automatic;
				CURRENT_PROJECT_VERSION = 1;
				GENERATE_INFOPLIST_FILE = YES;
				IPHONEOS_DEPLOYMENT_TARGET = 26.5;
				MARKETING_VERSION = 1.0;
				PRODUCT_BUNDLE_IDENTIFIER = "com.prem.Movie-Suggestion-App--UIKit-Tests";
				PRODUCT_NAME = "$(TARGET_NAME)";
				STRING_CATALOG_GENERATE_SYMBOLS = NO;
				SWIFT_APPROACHABLE_CONCURRENCY = YES;
				SWIFT_EMIT_LOC_STRINGS = NO;
				SWIFT_UPCOMING_FEATURE_MEMBER_IMPORT_VISIBILITY = YES;
				SWIFT_VERSION = 5.0;
				TARGETED_DEVICE_FAMILY = "1,2";
				TEST_HOST = "$(BUILT_PRODUCTS_DIR)/Movie Suggestion App (UIKit).app/$(BUNDLE_EXECUTABLE_FOLDER_PATH)/Movie Suggestion App (UIKit)";
			};
			name = Release;
		};
		3B02517D2FEADC7E009296BA /* Debug */ = {
			isa = XCBuildConfiguration;
			buildSettings = {
				CODE_SIGN_STYLE = Automatic;
				CURRENT_PROJECT_VERSION = 1;
				GENERATE_INFOPLIST_FILE = YES;
				MARKETING_VERSION = 1.0;
				PRODUCT_BUNDLE_IDENTIFIER = "com.prem.Movie-Suggestion-App--UIKit-UITests";
				PRODUCT_NAME = "$(TARGET_NAME)";
				STRING_CATALOG_GENERATE_SYMBOLS = NO;
				SWIFT_APPROACHABLE_CONCURRENCY = YES;
				SWIFT_EMIT_LOC_STRINGS = NO;
				SWIFT_UPCOMING_FEATURE_MEMBER_IMPORT_VISIBILITY = YES;
				SWIFT_VERSION = 5.0;
				TARGETED_DEVICE_FAMILY = "1,2";
				TEST_TARGET_NAME = "Movie Suggestion App (UIKit)";
			};
			name = Debug;
		};
		3B02517E2FEADC7E009296BA /* Release */ = {
			isa = XCBuildConfiguration;
			buildSettings = {
				CODE_SIGN_STYLE = Automatic;
				CURRENT_PROJECT_VERSION = 1;
				GENERATE_INFOPLIST_FILE = YES;
				MARKETING_VERSION = 1.0;
				PRODUCT_BUNDLE_IDENTIFIER = "com.prem.Movie-Suggestion-App--UIKit-UITests";
				PRODUCT_NAME = "$(TARGET_NAME)";
				STRING_CATALOG_GENERATE_SYMBOLS = NO;
				SWIFT_APPROACHABLE_CONCURRENCY = YES;
				SWIFT_EMIT_LOC_STRINGS = NO;
				SWIFT_UPCOMING_FEATURE_MEMBER_IMPORT_VISIBILITY = YES;
				SWIFT_VERSION = 5.0;
				TARGETED_DEVICE_FAMILY = "1,2";
				TEST_TARGET_NAME = "Movie Suggestion App (UIKit)";
			};
			name = Release;
		};
/* End XCBuildConfiguration section */

/* Begin XCConfigurationList section */
		3B0251462FEADC7D009296BA /* Build configuration list for PBXProject "Movie Suggestion App (UIKit)" */ = {
			isa = XCConfigurationList;
			buildConfigurations = (
				3B0251772FEADC7E009296BA /* Debug */,
				3B0251782FEADC7E009296BA /* Release */,
			);
			defaultConfigurationIsVisible = 0;
			defaultConfigurationName = Release;
		};
		3B0251742FEADC7E009296BA /* Build configuration list for PBXNativeTarget "Movie Suggestion App (UIKit)" */ = {
			isa = XCConfigurationList;
			buildConfigurations = (
				3B0251752FEADC7E009296BA /* Debug */,
				3B0251762FEADC7E009296BA /* Release */,
			);
			defaultConfigurationIsVisible = 0;
			defaultConfigurationName = Release;
		};
		3B0251792FEADC7E009296BA /* Build configuration list for PBXNativeTarget "Movie Suggestion App (UIKit)Tests" */ = {
			isa = XCConfigurationList;
			buildConfigurations = (
				3B02517A2FEADC7E009296BA /* Debug */,
				3B02517B2FEADC7E009296BA /* Release */,
			);
			defaultConfigurationIsVisible = 0;
			defaultConfigurationName = Release;
		};
		3B02517C2FEADC7E009296BA /* Build configuration list for PBXNativeTarget "Movie Suggestion App (UIKit)UITests" */ = {
			isa = XCConfigurationList;
			buildConfigurations = (
				3B02517D2FEADC7E009296BA /* Debug */,
				3B02517E2FEADC7E009296BA /* Release */,
			);
			defaultConfigurationIsVisible = 0;
			defaultConfigurationName = Release;
		};
/* End XCConfigurationList section */
	};
	rootObject = 3B0251432FEADC7D009296BA /* Project object */;
}
