// !$*UTF8*$!
{
	archiveVersion = 1;
	classes = {
	};
	objectVersion = 77;
	objects = {

/* Begin PBXBuildFile section */
		051F2F1EF3DE8C1351D9AB40 /* Pods_MovieHub_MovieHubUITests.framework in Frameworks */ = {isa = PBXBuildFile; fileRef = 6A79286D349F6264257FD75E /* Pods_MovieHub_MovieHubUITests.framework */; };
		77D810B3E9F00688687F1453 /* Pods_MovieHub.framework in Frameworks */ = {isa = PBXBuildFile; fileRef = 45DB992760B19E61A09955E4 /* Pods_MovieHub.framework */; };
		B9F1743B17AF86EF293EC379 /* Pods_MovieHubTests.framework in Frameworks */ = {isa = PBXBuildFile; fileRef = 4DD68713EB4F976ECA04307E /* Pods_MovieHubTests.framework */; };
/* End PBXBuildFile section */

/* Begin PBXContainerItemProxy section */
		3B0251622FEADC7E009296BA /* PBXContainerItemProxy */ = {
			isa = PBXContainerItemProxy;
			containerPortal = 3B0251432FEADC7D009296BA /* Project object */;
			proxyType = 1;
			remoteGlobalIDString = 3B02514A2FEADC7D009296BA;
			remoteInfo = "Movie Suggestion App (UIKit)";
		};
		3B02516C2FEADC7E009296BA /* PBXContainerItemProxy */ = {
			isa = PBXContainerItemProxy;
			containerPortal = 3B0251432FEADC7D009296BA /* Project object */;
			proxyType = 1;
			remoteGlobalIDString = 3B02514A2FEADC7D009296BA;
			remoteInfo = "Movie Suggestion App (UIKit)";
		};
/* End PBXContainerItemProxy section */

/* Begin PBXFileReference section */
		3B02514B2FEADC7D009296BA /* MovieHub.app */ = {isa = PBXFileReference; explicitFileType = wrapper.application; includeInIndex = 0; path = MovieHub.app; sourceTree = BUILT_PRODUCTS_DIR; };
		3B0251612FEADC7E009296BA /* MovieHubTests.xctest */ = {isa = PBXFileReference; explicitFileType = wrapper.cfbundle; includeInIndex = 0; path = MovieHubTests.xctest; sourceTree = BUILT_PRODUCTS_DIR; };
		3B02516B2FEADC7E009296BA /* MovieHubUITests.xctest */ = {isa = PBXFileReference; explicitFileType = wrapper.cfbundle; includeInIndex = 0; path = MovieHubUITests.xctest; sourceTree = BUILT_PRODUCTS_DIR; };
		45DB992760B19E61A09955E4 /* Pods_MovieHub.framework */ = {isa = PBXFileReference; explicitFileType = wrapper.framework; includeInIndex = 0; path = Pods_MovieHub.framework; sourceTree = BUILT_PRODUCTS_DIR; };
		4DD68713EB4F976ECA04307E /* Pods_MovieHubTests.framework */ = {isa = PBXFileReference; explicitFileType = wrapper.framework; includeInIndex = 0; path = Pods_MovieHubTests.framework; sourceTree = BUILT_PRODUCTS_DIR; };
		5BBDC402843536837B180BB0 /* Pods-MovieHub.debug.xcconfig */ = {isa = PBXFileReference; includeInIndex = 1; lastKnownFileType = text.xcconfig; name = "Pods-MovieHub.debug.xcconfig"; path = "Target Support Files/Pods-MovieHub/Pods-MovieHub.debug.xcconfig"; sourceTree = "<group>"; };
		61B2DD6B01BD3879B1829952 /* Pods-MovieHubTests.release.xcconfig */ = {isa = PBXFileReference; includeInIndex = 1; lastKnownFileType = text.xcconfig; name = "Pods-MovieHubTests.release.xcconfig"; path = "Target Support Files/Pods-MovieHubTests/Pods-MovieHubTests.release.xcconfig"; sourceTree = "<group>"; };
		6A79286D349F6264257FD75E /* Pods_MovieHub_MovieHubUITests.framework */ = {isa = PBXFileReference; explicitFileType = wrapper.framework; includeInIndex = 0; path = Pods_MovieHub_MovieHubUITests.framework; sourceTree = BUILT_PRODUCTS_DIR; };
		7800F2955E7AE892066904AA /* Pods-MovieHub-MovieHubUITests.debug.xcconfig */ = {isa = PBXFileReference; includeInIndex = 1; lastKnownFileType = text.xcconfig; name = "Pods-MovieHub-MovieHubUITests.debug.xcconfig"; path = "Target Support Files/Pods-MovieHub-MovieHubUITests/Pods-MovieHub-MovieHubUITests.debug.xcconfig"; sourceTree = "<group>"; };
		BF067ADB103311836BCFF0C3 /* Pods-MovieHub-MovieHubUITests.release.xcconfig */ = {isa = PBXFileReference; includeInIndex = 1; lastKnownFileType = text.xcconfig; name = "Pods-MovieHub-MovieHubUITests.release.xcconfig"; path = "Target Support Files/Pods-MovieHub-MovieHubUITests/Pods-MovieHub-MovieHubUITests.release.xcconfig"; sourceTree = "<group>"; };
		D59F8BADAB08B6848056A246 /* Pods-MovieHub.release.xcconfig */ = {isa = PBXFileReference; includeInIndex = 1; lastKnownFileType = text.xcconfig; name = "Pods-MovieHub.release.xcconfig"; path = "Target Support Files/Pods-MovieHub/Pods-MovieHub.release.xcconfig"; sourceTree = "<group>"; };
		DA4E7B38B715075B476F6DB6 /* Pods-MovieHubTests.debug.xcconfig */ = {isa = PBXFileReference; includeInIndex = 1; lastKnownFileType = text.xcconfig; name = "Pods-MovieHubTests.debug.xcconfig"; path = "Target Support Files/Pods-MovieHubTests/Pods-MovieHubTests.debug.xcconfig"; sourceTree = "<group>"; };
/* End PBXFileReference section */

/* Begin PBXFileSystemSynchronizedBuildFileExceptionSet section */
		3B0251732FEADC7E009296BA /* Exceptions for "MovieHub" folder in "MovieHub" target */ = {
			isa = PBXFileSystemSynchronizedBuildFileExceptionSet;
			membershipExceptions = (
				Info.plist,
			);
			target = 3B02514A2FEADC7D009296BA /* MovieHub */;
		};
/* End PBXFileSystemSynchronizedBuildFileExceptionSet section */

/* Begin PBXFileSystemSynchronizedRootGroup section */
		3B02514D2FEADC7D009296BA /* MovieHub */ = {
			isa = PBXFileSystemSynchronizedRootGroup;
			exceptions = (
				3B0251732FEADC7E009296BA /* Exceptions for "MovieHub" folder in "MovieHub" target */,
			);
			path = MovieHub;
			sourceTree = "<group>";
		};
		3B0251642FEADC7E009296BA /* MovieHubTests */ = {
			isa = PBXFileSystemSynchronizedRootGroup;
			path = MovieHubTests;
			sourceTree = "<group>";
		};
		3B02516E2FEADC7E009296BA /* MovieHubUITests */ = {
			isa = PBXFileSystemSynchronizedRootGroup;
			path = MovieHubUITests;
			sourceTree = "<group>";
		};
/* End PBXFileSystemSynchronizedRootGroup section */

/* Begin PBXFrameworksBuildPhase section */
		3B0251482FEADC7D009296BA /* Frameworks */ = {
			isa = PBXFrameworksBuildPhase;
			buildActionMask = 2147483647;
			files = (
				77D810B3E9F00688687F1453 /* Pods_MovieHub.framework in Frameworks */,
			);
			runOnlyForDeploymentPostprocessing = 0;
		};
		3B02515E2FEADC7E009296BA /* Frameworks */ = {
			isa = PBXFrameworksBuildPhase;
			buildActionMask = 2147483647;
			files = (
				B9F1743B17AF86EF293EC379 /* Pods_MovieHubTests.framework in Frameworks */,
			);
			runOnlyForDeploymentPostprocessing = 0;
		};
		3B0251682FEADC7E009296BA /* Frameworks */ = {
			isa = PBXFrameworksBuildPhase;
			buildActionMask = 2147483647;
			files = (
				051F2F1EF3DE8C1351D9AB40 /* Pods_MovieHub_MovieHubUITests.framework in Frameworks */,
			);
			runOnlyForDeploymentPostprocessing = 0;
		};
/* End PBXFrameworksBuildPhase section */

/* Begin PBXGroup section */
		3B0251422FEADC7D009296BA = {
			isa = PBXGroup;
			children = (
				3B02514D2FEADC7D009296BA /* MovieHub */,
				3B0251642FEADC7E009296BA /* MovieHubTests */,
				3B02516E2FEADC7E009296BA /* MovieHubUITests */,
				3B02514C2FEADC7D009296BA /* Products */,
				3C757A699A5982F35A9C52FF /* Pods */,
				7C1EADE3B54E021F3BC74089 /* Frameworks */,
			);
			sourceTree = "<group>";
		};
		3B02514C2FEADC7D009296BA /* Products */ = {
			isa = PBXGroup;
			children = (
				3B02514B2FEADC7D009296BA /* MovieHub.app */,
				3B0251612FEADC7E009296BA /* MovieHubTests.xctest */,
				3B02516B2FEADC7E009296BA /* MovieHubUITests.xctest */,
			);
			name = Products;
			sourceTree = "<group>";
		};
		3C757A699A5982F35A9C52FF /* Pods */ = {
			isa = PBXGroup;
			children = (
				5BBDC402843536837B180BB0 /* Pods-MovieHub.debug.xcconfig */,
				D59F8BADAB08B6848056A246 /* Pods-MovieHub.release.xcconfig */,
				7800F2955E7AE892066904AA /* Pods-MovieHub-MovieHubUITests.debug.xcconfig */,
				BF067ADB103311836BCFF0C3 /* Pods-MovieHub-MovieHubUITests.release.xcconfig */,
				DA4E7B38B715075B476F6DB6 /* Pods-MovieHubTests.debug.xcconfig */,
				61B2DD6B01BD3879B1829952 /* Pods-MovieHubTests.release.xcconfig */,
			);
			path = Pods;
			sourceTree = "<group>";
		};
		7C1EADE3B54E021F3BC74089 /* Frameworks */ = {
			isa = PBXGroup;
			children = (
				45DB992760B19E61A09955E4 /* Pods_MovieHub.framework */,
				6A79286D349F6264257FD75E /* Pods_MovieHub_MovieHubUITests.framework */,
				4DD68713EB4F976ECA04307E /* Pods_MovieHubTests.framework */,
			);
			name = Frameworks;
			sourceTree = "<group>";
		};
/* End PBXGroup section */

/* Begin PBXNativeTarget section */
		3B02514A2FEADC7D009296BA /* MovieHub */ = {
			isa = PBXNativeTarget;
			buildConfigurationList = 3B0251742FEADC7E009296BA /* Build configuration list for PBXNativeTarget "MovieHub" */;
			buildPhases = (
				23954AD2006FFA4F857E0791 /* [CP] Check Pods Manifest.lock */,
				3B0251472FEADC7D009296BA /* Sources */,
				3B0251482FEADC7D009296BA /* Frameworks */,
				3B0251492FEADC7D009296BA /* Resources */,
				6A63159FF32FE30D397C86E2 /* [CP] Embed Pods Frameworks */,
				3BC4A2E7300578130007CD30 /* Firebase Crashlytics */,
			);
			buildRules = (
			);
			dependencies = (
			);
			fileSystemSynchronizedGroups = (
				3B02514D2FEADC7D009296BA /* MovieHub */,
			);
			name = MovieHub;
			productName = "Movie Suggestion App (UIKit)";
			productReference = 3B02514B2FEADC7D009296BA /* MovieHub.app */;
			productType = "com.apple.product-type.application";
		};
		3B0251602FEADC7E009296BA /* MovieHubTests */ = {
			isa = PBXNativeTarget;
			buildConfigurationList = 3B0251792FEADC7E009296BA /* Build configuration list for PBXNativeTarget "MovieHubTests" */;
			buildPhases = (
				866A742B2DB5B0FB90887CF4 /* [CP] Check Pods Manifest.lock */,
				3B02515D2FEADC7E009296BA /* Sources */,
				3B02515E2FEADC7E009296BA /* Frameworks */,
				3B02515F2FEADC7E009296BA /* Resources */,
			);
			buildRules = (
			);
			dependencies = (
				3B0251632FEADC7E009296BA /* PBXTargetDependency */,
			);
			fileSystemSynchronizedGroups = (
				3B0251642FEADC7E009296BA /* MovieHubTests */,
			);
			name = MovieHubTests;
			productName = "Movie Suggestion App (UIKit)Tests";
			productReference = 3B0251612FEADC7E009296BA /* MovieHubTests.xctest */;
			productType = "com.apple.product-type.bundle.unit-test";
		};
		3B02516A2FEADC7E009296BA /* MovieHubUITests */ = {
			isa = PBXNativeTarget;
			buildConfigurationList = 3B02517C2FEADC7E009296BA /* Build configuration list for PBXNativeTarget "MovieHubUITests" */;
			buildPhases = (
				81684052C31262DC35C08184 /* [CP] Check Pods Manifest.lock */,
				3B0251672FEADC7E009296BA /* Sources */,
				3B0251682FEADC7E009296BA /* Frameworks */,
				3B0251692FEADC7E009296BA /* Resources */,
				A2216A47CB84B13F7684F197 /* [CP] Embed Pods Frameworks */,
			);
			buildRules = (
			);
			dependencies = (
				3B02516D2FEADC7E009296BA /* PBXTargetDependency */,
			);
			fileSystemSynchronizedGroups = (
				3B02516E2FEADC7E009296BA /* MovieHubUITests */,
			);
			name = MovieHubUITests;
			productName = "Movie Suggestion App (UIKit)UITests";
			productReference = 3B02516B2FEADC7E009296BA /* MovieHubUITests.xctest */;
			productType = "com.apple.product-type.bundle.ui-testing";
		};
/* End PBXNativeTarget section */

/* Begin PBXProject section */
		3B0251432FEADC7D009296BA /* Project object */ = {
			isa = PBXProject;
			attributes = {
				BuildIndependentTargetsInParallel = 1;
				LastSwiftUpdateCheck = 2650;
				LastUpgradeCheck = 2650;
				TargetAttributes = {
					3B02514A2FEADC7D009296BA = {
						CreatedOnToolsVersion = 26.5;
					};
					3B0251602FEADC7E009296BA = {
						CreatedOnToolsVersion = 26.5;
						TestTargetID = 3B02514A2FEADC7D009296BA;
					};
					3B02516A2FEADC7E009296BA = {
						CreatedOnToolsVersion = 26.5;
						TestTargetID = 3B02514A2FEADC7D009296BA;
					};
				};
			};
			buildConfigurationList = 3B0251462FEADC7D009296BA /* Build configuration list for PBXProject "MovieHub" */;
			developmentRegion = en;
			hasScannedForEncodings = 0;
			knownRegions = (
				en,
				Base,
			);
			mainGroup = 3B0251422FEADC7D009296BA;
			minimizedProjectReferenceProxies = 1;
			preferredProjectObjectVersion = 77;
			productRefGroup = 3B02514C2FEADC7D009296BA /* Products */;
			projectDirPath = "";
			projectRoot = "";
			targets = (
				3B02514A2FEADC7D009296BA /* MovieHub */,
				3B0251602FEADC7E009296BA /* MovieHubTests */,
				3B02516A2FEADC7E009296BA /* MovieHubUITests */,
			);
		};
/* End PBXProject section */

/* Begin PBXResourcesBuildPhase section */
		3B0251492FEADC7D009296BA /* Resources */ = {
			isa = PBXResourcesBuildPhase;
			buildActionMask = 2147483647;
			files = (
			);
			runOnlyForDeploymentPostprocessing = 0;
		};
		3B02515F2FEADC7E009296BA /* Resources */ = {
			isa = PBXResourcesBuildPhase;
			buildActionMask = 2147483647;
			files = (
			);
			runOnlyForDeploymentPostprocessing = 0;
		};
		3B0251692FEADC7E009296BA /* Resources */ = {
			isa = PBXResourcesBuildPhase;
			buildActionMask = 2147483647;
			files = (
			);
			runOnlyForDeploymentPostprocessing = 0;
		};
/* End PBXResourcesBuildPhase section */

/* Begin PBXShellScriptBuildPhase section */
		23954AD2006FFA4F857E0791 /* [CP] Check Pods Manifest.lock */ = {
			isa = PBXShellScriptBuildPhase;
			buildActionMask = 2147483647;
			files = (
			);
			inputFileListPaths = (
			);
			inputPaths = (
				"${PODS_PODFILE_DIR_PATH}/Podfile.lock",
				"${PODS_ROOT}/Manifest.lock",
			);
			name = "[CP] Check Pods Manifest.lock";
			outputFileListPaths = (
			);
			outputPaths = (
				"$(DERIVED_FILE_DIR)/Pods-MovieHub-checkManifestLockResult.txt",
			);
			runOnlyForDeploymentPostprocessing = 0;
			shellPath = /bin/sh;
			shellScript = "diff \"${PODS_PODFILE_DIR_PATH}/Podfile.lock\" \"${PODS_ROOT}/Manifest.lock\" > /dev/null\nif [ $? != 0 ] ; then\n    # print error to STDERR\n    echo \"error: The sandbox is not in sync with the Podfile.lock. Run 'pod install' or update your CocoaPods installation.\" >&2\n    exit 1\nfi\n# This output is used by Xcode 'outputs' to avoid re-running this script phase.\necho \"SUCCESS\" > \"${SCRIPT_OUTPUT_FILE_0}\"\n";
			showEnvVarsInLog = 0;
		};
		3BC4A2E7300578130007CD30 /* Firebase Crashlytics */ = {
			isa = PBXShellScriptBuildPhase;
			buildActionMask = 2147483647;
			files = (
			);
			inputFileListPaths = (
			);
			inputPaths = (
				"$(SRCROOT)/$(BUILT_PRODUCTS_DIR)/$(INFOPLIST_PATH)",
				"${DWARF_DSYM_FOLDER_PATH}/${DWARF_DSYM_FILE_NAME}",
				"$(TARGET_BUILD_DIR)/$(UNLOCALIZED_RESOURCES_FOLDER_PATH)/GoogleService-Info.plist",
			);
			name = "Firebase Crashlytics";
			outputFileListPaths = (
			);
			outputPaths = (
			);
			runOnlyForDeploymentPostprocessing = 0;
			shellPath = /bin/sh;
			shellScript = "# Type a script or drag a script file from your workspace to insert its path.\n${PODS_ROOT}/FirebaseCrashlytics/run\n";
		};
		6A63159FF32FE30D397C86E2 /* [CP] Embed Pods Frameworks */ = {
			isa = PBXShellScriptBuildPhase;
			buildActionMask = 2147483647;
			files = (
			);
			inputFileListPaths = (
				"${PODS_ROOT}/Target Support Files/Pods-MovieHub/Pods-MovieHub-frameworks-${CONFIGURATION}-input-files.xcfilelist",
			);
			inputPaths = (
			);
			name = "[CP] Embed Pods Frameworks";
			outputFileListPaths = (
				"${PODS_ROOT}/Target Support Files/Pods-MovieHub/Pods-MovieHub-frameworks-${CONFIGURATION}-output-files.xcfilelist",
			);
			outputPaths = (
			);
			runOnlyForDeploymentPostprocessing = 0;
			shellPath = /bin/sh;
			shellScript = "\"${PODS_ROOT}/Target Support Files/Pods-MovieHub/Pods-MovieHub-frameworks.sh\"\n";
			showEnvVarsInLog = 0;
		};
		81684052C31262DC35C08184 /* [CP] Check Pods Manifest.lock */ = {
			isa = PBXShellScriptBuildPhase;
			buildActionMask = 2147483647;
			files = (
			);
			inputFileListPaths = (
			);
			inputPaths = (
				"${PODS_PODFILE_DIR_PATH}/Podfile.lock",
				"${PODS_ROOT}/Manifest.lock",
			);
			name = "[CP] Check Pods Manifest.lock";
			outputFileListPaths = (
			);
			outputPaths = (
				"$(DERIVED_FILE_DIR)/Pods-MovieHub-MovieHubUITests-checkManifestLockResult.txt",
			);
			runOnlyForDeploymentPostprocessing = 0;
			shellPath = /bin/sh;
			shellScript = "diff \"${PODS_PODFILE_DIR_PATH}/Podfile.lock\" \"${PODS_ROOT}/Manifest.lock\" > /dev/null\nif [ $? != 0 ] ; then\n    # print error to STDERR\n    echo \"error: The sandbox is not in sync with the Podfile.lock. Run 'pod install' or update your CocoaPods installation.\" >&2\n    exit 1\nfi\n# This output is used by Xcode 'outputs' to avoid re-running this script phase.\necho \"SUCCESS\" > \"${SCRIPT_OUTPUT_FILE_0}\"\n";
			showEnvVarsInLog = 0;
		};
		866A742B2DB5B0FB90887CF4 /* [CP] Check Pods Manifest.lock */ = {
			isa = PBXShellScriptBuildPhase;
			buildActionMask = 2147483647;
			files = (
			);
			inputFileListPaths = (
			);
			inputPaths = (
				"${PODS_PODFILE_DIR_PATH}/Podfile.lock",
				"${PODS_ROOT}/Manifest.lock",
			);
			name = "[CP] Check Pods Manifest.lock";
			outputFileListPaths = (
			);
			outputPaths = (
				"$(DERIVED_FILE_DIR)/Pods-MovieHubTests-checkManifestLockResult.txt",
			);
			runOnlyForDeploymentPostprocessing = 0;
			shellPath = /bin/sh;
			shellScript = "diff \"${PODS_PODFILE_DIR_PATH}/Podfile.lock\" \"${PODS_ROOT}/Manifest.lock\" > /dev/null\nif [ $? != 0 ] ; then\n    # print error to STDERR\n    echo \"error: The sandbox is not in sync with the Podfile.lock. Run 'pod install' or update your CocoaPods installation.\" >&2\n    exit 1\nfi\n# This output is used by Xcode 'outputs' to avoid re-running this script phase.\necho \"SUCCESS\" > \"${SCRIPT_OUTPUT_FILE_0}\"\n";
			showEnvVarsInLog = 0;
		};
		A2216A47CB84B13F7684F197 /* [CP] Embed Pods Frameworks */ = {
			isa = PBXShellScriptBuildPhase;
			buildActionMask = 2147483647;
			files = (
			);
			inputFileListPaths = (
				"${PODS_ROOT}/Target Support Files/Pods-MovieHub-MovieHubUITests/Pods-MovieHub-MovieHubUITests-frameworks-${CONFIGURATION}-input-files.xcfilelist",
			);
			inputPaths = (
			);
			name = "[CP] Embed Pods Frameworks";
			outputFileListPaths = (
				"${PODS_ROOT}/Target Support Files/Pods-MovieHub-MovieHubUITests/Pods-MovieHub-MovieHubUITests-frameworks-${CONFIGURATION}-output-files.xcfilelist",
			);
			outputPaths = (
			);
			runOnlyForDeploymentPostprocessing = 0;
			shellPath = /bin/sh;
			shellScript = "\"${PODS_ROOT}/Target Support Files/Pods-MovieHub-MovieHubUITests/Pods-MovieHub-MovieHubUITests-frameworks.sh\"\n";
			showEnvVarsInLog = 0;
		};
/* End PBXShellScriptBuildPhase section */

/* Begin PBXSourcesBuildPhase section */
		3B0251472FEADC7D009296BA /* Sources */ = {
			isa = PBXSourcesBuildPhase;
			buildActionMask = 2147483647;
			files = (
			);
			runOnlyForDeploymentPostprocessing = 0;
		};
		3B02515D2FEADC7E009296BA /* Sources */ = {
			isa = PBXSourcesBuildPhase;
			buildActionMask = 2147483647;
			files = (
			);
			runOnlyForDeploymentPostprocessing = 0;
		};
		3B0251672FEADC7E009296BA /* Sources */ = {
			isa = PBXSourcesBuildPhase;
			buildActionMask = 2147483647;
			files = (
			);
			runOnlyForDeploymentPostprocessing = 0;
		};
/* End PBXSourcesBuildPhase section */

/* Begin PBXTargetDependency section */
		3B0251632FEADC7E009296BA /* PBXTargetDependency */ = {
			isa = PBXTargetDependency;
			target = 3B02514A2FEADC7D009296BA /* MovieHub */;
			targetProxy = 3B0251622FEADC7E009296BA /* PBXContainerItemProxy */;
		};
		3B02516D2FEADC7E009296BA /* PBXTargetDependency */ = {
			isa = PBXTargetDependency;
			target = 3B02514A2FEADC7D009296BA /* MovieHub */;
			targetProxy = 3B02516C2FEADC7E009296BA /* PBXContainerItemProxy */;
		};
/* End PBXTargetDependency section */

/* Begin XCBuildConfiguration section */
		3B0251752FEADC7E009296BA /* Debug */ = {
			isa = XCBuildConfiguration;
			baseConfigurationReference = 5BBDC402843536837B180BB0 /* Pods-MovieHub.debug.xcconfig */;
			buildSettings = {
				ASSETCATALOG_COMPILER_APPICON_NAME = AppIcon;
				ASSETCATALOG_COMPILER_GLOBAL_ACCENT_COLOR_NAME = AccentColor;
				CODE_SIGN_STYLE = Automatic;
				CURRENT_PROJECT_VERSION = 1;
				DEBUG_INFORMATION_FORMAT = "dwarf-with-dsym";
				ENABLE_USER_SCRIPT_SANDBOXING = NO;
				GENERATE_INFOPLIST_FILE = YES;
				INFOPLIST_FILE = MovieHub/Info.plist;
				INFOPLIST_KEY_CFBundleDisplayName = MovieHub;
				INFOPLIST_KEY_LSApplicationCategoryType = "public.app-category.entertainment";
				INFOPLIST_KEY_UIApplicationSupportsIndirectInputEvents = YES;
				INFOPLIST_KEY_UILaunchStoryboardName = LaunchScreen;
				INFOPLIST_KEY_UISupportedInterfaceOrientations_iPad = "UIInterfaceOrientationPortrait UIInterfaceOrientationPortraitUpsideDown UIInterfaceOrientationLandscapeLeft UIInterfaceOrientationLandscapeRight";
				INFOPLIST_KEY_UISupportedInterfaceOrientations_iPhone = "UIInterfaceOrientationPortrait UIInterfaceOrientationLandscapeLeft UIInterfaceOrientationLandscapeRight";
				LD_RUNPATH_SEARCH_PATHS = (
					"$(inherited)",
					"@executable_path/Frameworks",
				);
				MARKETING_VERSION = 1.0;
				PRODUCT_BUNDLE_IDENTIFIER = "com.prem.Movie-Suggestion-App--UIKit-";
				PRODUCT_NAME = "$(TARGET_NAME)";
				STRING_CATALOG_GENERATE_SYMBOLS = YES;
				SWIFT_APPROACHABLE_CONCURRENCY = YES;
				SWIFT_DEFAULT_ACTOR_ISOLATION = MainActor;
				SWIFT_EMIT_LOC_STRINGS = YES;
				SWIFT_UPCOMING_FEATURE_MEMBER_IMPORT_VISIBILITY = YES;
				SWIFT_VERSION = 5.0;
				TARGETED_DEVICE_FAMILY = "1,2";
			};
			name = Debug;
		};
		3B0251762FEADC7E009296BA /* Release */ = {
			isa = XCBuildConfiguration;
			baseConfigurationReference = D59F8BADAB08B6848056A246 /* Pods-MovieHub.release.xcconfig */;
			buildSettings = {
				ASSETCATALOG_COMPILER_APPICON_NAME = AppIcon;
				ASSETCATALOG_COMPILER_GLOBAL_ACCENT_COLOR_NAME = AccentColor;
				CODE_SIGN_STYLE = Automatic;
				CURRENT_PROJECT_VERSION = 1;
				ENABLE_USER_SCRIPT_SANDBOXING = NO;
				GENERATE_INFOPLIST_FILE = YES;
				INFOPLIST_FILE = MovieHub/Info.plist;
				INFOPLIST_KEY_CFBundleDisplayName = MovieHub;
				INFOPLIST_KEY_LSApplicationCategoryType = "public.app-category.entertainment";
				INFOPLIST_KEY_UIApplicationSupportsIndirectInputEvents = YES;
				INFOPLIST_KEY_UILaunchStoryboardName = LaunchScreen;
				INFOPLIST_KEY_UISupportedInterfaceOrientations_iPad = "UIInterfaceOrientationPortrait UIInterfaceOrientationPortraitUpsideDown UIInterfaceOrientationLandscapeLeft UIInterfaceOrientationLandscapeRight";
				INFOPLIST_KEY_UISupportedInterfaceOrientations_iPhone = "UIInterfaceOrientationPortrait UIInterfaceOrientationLandscapeLeft UIInterfaceOrientationLandscapeRight";
				LD_RUNPATH_SEARCH_PATHS = (
					"$(inherited)",
					"@executable_path/Frameworks",
				);
				MARKETING_VERSION = 1.0;
				PRODUCT_BUNDLE_IDENTIFIER = "com.prem.Movie-Suggestion-App--UIKit-";
				PRODUCT_NAME = "$(TARGET_NAME)";
				STRING_CATALOG_GENERATE_SYMBOLS = YES;
				SWIFT_APPROACHABLE_CONCURRENCY = YES;
				SWIFT_DEFAULT_ACTOR_ISOLATION = MainActor;
				SWIFT_EMIT_LOC_STRINGS = YES;
				SWIFT_UPCOMING_FEATURE_MEMBER_IMPORT_VISIBILITY = YES;
				SWIFT_VERSION = 5.0;
				TARGETED_DEVICE_FAMILY = "1,2";
			};
			name = Release;
		};
		3B0251772FEADC7E009296BA /* Debug */ = {
			isa = XCBuildConfiguration;
			buildSettings = {
				ALWAYS_SEARCH_USER_PATHS = NO;
				ASSETCATALOG_COMPILER_GENERATE_SWIFT_ASSET_SYMBOL_EXTENSIONS = YES;
				CLANG_ANALYZER_NONNULL = YES;
				CLANG_ANALYZER_NUMBER_OBJECT_CONVERSION = YES_AGGRESSIVE;
				CLANG_CXX_LANGUAGE_STANDARD = "gnu++20";
				CLANG_ENABLE_MODULES = YES;
				CLANG_ENABLE_OBJC_ARC = YES;
				CLANG_ENABLE_OBJC_WEAK = YES;
				CLANG_WARN_BLOCK_CAPTURE_AUTORELEASING = YES;
				CLANG_WARN_BOOL_CONVERSION = YES;
				CLANG_WARN_COMMA = YES;
				CLANG_WARN_CONSTANT_CONVERSION = YES;
				CLANG_WARN_DEPRECATED_OBJC_IMPLEMENTATIONS = YES;
				CLANG_WARN_DIRECT_OBJC_ISA_USAGE = YES_ERROR;
				CLANG_WARN_DOCUMENTATION_COMMENTS = YES;
				CLANG_WARN_EMPTY_BODY = YES;
				CLANG_WARN_ENUM_CONVERSION = YES;
				CLANG_WARN_INFINITE_RECURSION = YES;
				CLANG_WARN_INT_CONVERSION = YES;
				CLANG_WARN_NON_LITERAL_NULL_CONVERSION = YES;
				CLANG_WARN_OBJC_IMPLICIT_RETAIN_SELF = YES;
				CLANG_WARN_OBJC_LITERAL_CONVERSION = YES;
				CLANG_WARN_OBJC_ROOT_CLASS = YES_ERROR;
				CLANG_WARN_QUOTED_INCLUDE_IN_FRAMEWORK_HEADER = YES;
				CLANG_WARN_RANGE_LOOP_ANALYSIS = YES;
				CLANG_WARN_STRICT_PROTOTYPES = YES;
				CLANG_WARN_SUSPICIOUS_MOVE = YES;
				CLANG_WARN_UNGUARDED_AVAILABILITY = YES_AGGRESSIVE;
				CLANG_WARN_UNREACHABLE_CODE = YES;
				CLANG_WARN__DUPLICATE_METHOD_MATCH = YES;
				COPY_PHASE_STRIP = NO;
				DEBUG_INFORMATION_FORMAT = dwarf;
				ENABLE_STRICT_OBJC_MSGSEND = YES;
				ENABLE_TESTABILITY = YES;
				ENABLE_USER_SCRIPT_SANDBOXING = YES;
				GCC_C_LANGUAGE_STANDARD = gnu17;
				GCC_DYNAMIC_NO_PIC = NO;
				GCC_NO_COMMON_BLOCKS = YES;
				GCC_OPTIMIZATION_LEVEL = 0;
				GCC_PREPROCESSOR_DEFINITIONS = (
					"DEBUG=1",
					"$(inherited)",
				);
				GCC_WARN_64_TO_32_BIT_CONVERSION = YES;
				GCC_WARN_ABOUT_RETURN_TYPE = YES_ERROR;
				GCC_WARN_UNDECLARED_SELECTOR = YES;
				GCC_WARN_UNINITIALIZED_AUTOS = YES_AGGRESSIVE;
				GCC_WARN_UNUSED_FUNCTION = YES;
				GCC_WARN_UNUSED_VARIABLE = YES;
				IPHONEOS_DEPLOYMENT_TARGET = 26.5;
				LOCALIZATION_PREFERS_STRING_CATALOGS = YES;
				MTL_ENABLE_DEBUG_INFO = INCLUDE_SOURCE;
				MTL_FAST_MATH = YES;
				ONLY_ACTIVE_ARCH = YES;
				SDKROOT = iphoneos;
				SWIFT_ACTIVE_COMPILATION_CONDITIONS = "DEBUG $(inherited)";
				SWIFT_OPTIMIZATION_LEVEL = "-Onone";
			};
			name = Debug;
		};
		3B0251782FEADC7E009296BA /* Release */ = {
			isa = XCBuildConfiguration;
			buildSettings = {
				ALWAYS_SEARCH_USER_PATHS = NO;
				ASSETCATALOG_COMPILER_GENERATE_SWIFT_ASSET_SYMBOL_EXTENSIONS = YES;
				CLANG_ANALYZER_NONNULL = YES;
				CLANG_ANALYZER_NUMBER_OBJECT_CONVERSION = YES_AGGRESSIVE;
				CLANG_CXX_LANGUAGE_STANDARD = "gnu++20";
				CLANG_ENABLE_MODULES = YES;
				CLANG_ENABLE_OBJC_ARC = YES;
				CLANG_ENABLE_OBJC_WEAK = YES;
				CLANG_WARN_BLOCK_CAPTURE_AUTORELEASING = YES;
				CLANG_WARN_BOOL_CONVERSION = YES;
				CLANG_WARN_COMMA = YES;
				CLANG_WARN_CONSTANT_CONVERSION = YES;
				CLANG_WARN_DEPRECATED_OBJC_IMPLEMENTATIONS = YES;
				CLANG_WARN_DIRECT_OBJC_ISA_USAGE = YES_ERROR;
				CLANG_WARN_DOCUMENTATION_COMMENTS = YES;
				CLANG_WARN_EMPTY_BODY = YES;
				CLANG_WARN_ENUM_CONVERSION = YES;
				CLANG_WARN_INFINITE_RECURSION = YES;
				CLANG_WARN_INT_CONVERSION = YES;
				CLANG_WARN_NON_LITERAL_NULL_CONVERSION = YES;
				CLANG_WARN_OBJC_IMPLICIT_RETAIN_SELF = YES;
				CLANG_WARN_OBJC_LITERAL_CONVERSION = YES;
				CLANG_WARN_OBJC_ROOT_CLASS = YES_ERROR;
				CLANG_WARN_QUOTED_INCLUDE_IN_FRAMEWORK_HEADER = YES;
				CLANG_WARN_RANGE_LOOP_ANALYSIS = YES;
				CLANG_WARN_STRICT_PROTOTYPES = YES;
				CLANG_WARN_SUSPICIOUS_MOVE = YES;
				CLANG_WARN_UNGUARDED_AVAILABILITY = YES_AGGRESSIVE;
				CLANG_WARN_UNREACHABLE_CODE = YES;
				CLANG_WARN__DUPLICATE_METHOD_MATCH = YES;
				COPY_PHASE_STRIP = NO;
				DEBUG_INFORMATION_FORMAT = "dwarf-with-dsym";
				ENABLE_NS_ASSERTIONS = NO;
				ENABLE_STRICT_OBJC_MSGSEND = YES;
				ENABLE_USER_SCRIPT_SANDBOXING = YES;
				GCC_C_LANGUAGE_STANDARD = gnu17;
				GCC_NO_COMMON_BLOCKS = YES;
				GCC_WARN_64_TO_32_BIT_CONVERSION = YES;
				GCC_WARN_ABOUT_RETURN_TYPE = YES_ERROR;
				GCC_WARN_UNDECLARED_SELECTOR = YES;
				GCC_WARN_UNINITIALIZED_AUTOS = YES_AGGRESSIVE;
				GCC_WARN_UNUSED_FUNCTION = YES;
				GCC_WARN_UNUSED_VARIABLE = YES;
				IPHONEOS_DEPLOYMENT_TARGET = 26.5;
				LOCALIZATION_PREFERS_STRING_CATALOGS = YES;
				MTL_ENABLE_DEBUG_INFO = NO;
				MTL_FAST_MATH = YES;
				SDKROOT = iphoneos;
				SWIFT_COMPILATION_MODE = wholemodule;
				VALIDATE_PRODUCT = YES;
			};
			name = Release;
		};
		3B02517A2FEADC7E009296BA /* Debug */ = {
			isa = XCBuildConfiguration;
			baseConfigurationReference = DA4E7B38B715075B476F6DB6 /* Pods-MovieHubTests.debug.xcconfig */;
			buildSettings = {
				BUNDLE_LOADER = "$(TEST_HOST)";
				CODE_SIGN_STYLE = Automatic;
				CURRENT_PROJECT_VERSION = 1;
				GENERATE_INFOPLIST_FILE = YES;
				IPHONEOS_DEPLOYMENT_TARGET = 26.5;
				MARKETING_VERSION = 1.0;
				PRODUCT_BUNDLE_IDENTIFIER = "com.prem.MovieHub-Tests";
				PRODUCT_NAME = "$(TARGET_NAME)";
				STRING_CATALOG_GENERATE_SYMBOLS = NO;
				SWIFT_APPROACHABLE_CONCURRENCY = YES;
				SWIFT_EMIT_LOC_STRINGS = NO;
				SWIFT_UPCOMING_FEATURE_MEMBER_IMPORT_VISIBILITY = YES;
				SWIFT_VERSION = 5.0;
				TARGETED_DEVICE_FAMILY = "1,2";
				TEST_HOST = "$(BUILT_PRODUCTS_DIR)/MovieHub.app/$(BUNDLE_EXECUTABLE_FOLDER_PATH)/MovieHub";
			};
			name = Debug;
		};
		3B02517B2FEADC7E009296BA /* Release */ = {
			isa = XCBuildConfiguration;
			baseConfigurationReference = 61B2DD6B01BD3879B1829952 /* Pods-MovieHubTests.release.xcconfig */;
			buildSettings = {
				BUNDLE_LOADER = "$(TEST_HOST)";
				CODE_SIGN_STYLE = Automatic;
				CURRENT_PROJECT_VERSION = 1;
				GENERATE_INFOPLIST_FILE = YES;
				IPHONEOS_DEPLOYMENT_TARGET = 26.5;
				MARKETING_VERSION = 1.0;
				PRODUCT_BUNDLE_IDENTIFIER = "com.prem.MovieHub-Tests";
				PRODUCT_NAME = "$(TARGET_NAME)";
				STRING_CATALOG_GENERATE_SYMBOLS = NO;
				SWIFT_APPROACHABLE_CONCURRENCY = YES;
				SWIFT_EMIT_LOC_STRINGS = NO;
				SWIFT_UPCOMING_FEATURE_MEMBER_IMPORT_VISIBILITY = YES;
				SWIFT_VERSION = 5.0;
				TARGETED_DEVICE_FAMILY = "1,2";
				TEST_HOST = "$(BUILT_PRODUCTS_DIR)/MovieHub.app/$(BUNDLE_EXECUTABLE_FOLDER_PATH)/MovieHub";
			};
			name = Release;
		};
		3B02517D2FEADC7E009296BA /* Debug */ = {
			isa = XCBuildConfiguration;
			baseConfigurationReference = 7800F2955E7AE892066904AA /* Pods-MovieHub-MovieHubUITests.debug.xcconfig */;
			buildSettings = {
				CODE_SIGN_STYLE = Automatic;
				CURRENT_PROJECT_VERSION = 1;
				GENERATE_INFOPLIST_FILE = YES;
				MARKETING_VERSION = 1.0;
				PRODUCT_BUNDLE_IDENTIFIER = "com.prem.MovieHub-UITests";
				PRODUCT_NAME = "$(TARGET_NAME)";
				STRING_CATALOG_GENERATE_SYMBOLS = NO;
				SWIFT_APPROACHABLE_CONCURRENCY = YES;
				SWIFT_EMIT_LOC_STRINGS = NO;
				SWIFT_UPCOMING_FEATURE_MEMBER_IMPORT_VISIBILITY = YES;
				SWIFT_VERSION = 5.0;
				TARGETED_DEVICE_FAMILY = "1,2";
				TEST_TARGET_NAME = "Movie Suggestion App (UIKit)";
			};
			name = Debug;
		};
		3B02517E2FEADC7E009296BA /* Release */ = {
			isa = XCBuildConfiguration;
			baseConfigurationReference = BF067ADB103311836BCFF0C3 /* Pods-MovieHub-MovieHubUITests.release.xcconfig */;
			buildSettings = {
				CODE_SIGN_STYLE = Automatic;
				CURRENT_PROJECT_VERSION = 1;
				GENERATE_INFOPLIST_FILE = YES;
				MARKETING_VERSION = 1.0;
				PRODUCT_BUNDLE_IDENTIFIER = "com.prem.MovieHub-UITests";
				PRODUCT_NAME = "$(TARGET_NAME)";
				STRING_CATALOG_GENERATE_SYMBOLS = NO;
				SWIFT_APPROACHABLE_CONCURRENCY = YES;
				SWIFT_EMIT_LOC_STRINGS = NO;
				SWIFT_UPCOMING_FEATURE_MEMBER_IMPORT_VISIBILITY = YES;
				SWIFT_VERSION = 5.0;
				TARGETED_DEVICE_FAMILY = "1,2";
				TEST_TARGET_NAME = "Movie Suggestion App (UIKit)";
			};
			name = Release;
		};
/* End XCBuildConfiguration section */

/* Begin XCConfigurationList section */
		3B0251462FEADC7D009296BA /* Build configuration list for PBXProject "MovieHub" */ = {
			isa = XCConfigurationList;
			buildConfigurations = (
				3B0251772FEADC7E009296BA /* Debug */,
				3B0251782FEADC7E009296BA /* Release */,
			);
			defaultConfigurationIsVisible = 0;
			defaultConfigurationName = Release;
		};
		3B0251742FEADC7E009296BA /* Build configuration list for PBXNativeTarget "MovieHub" */ = {
			isa = XCConfigurationList;
			buildConfigurations = (
				3B0251752FEADC7E009296BA /* Debug */,
				3B0251762FEADC7E009296BA /* Release */,
			);
			defaultConfigurationIsVisible = 0;
			defaultConfigurationName = Release;
		};
		3B0251792FEADC7E009296BA /* Build configuration list for PBXNativeTarget "MovieHubTests" */ = {
			isa = XCConfigurationList;
			buildConfigurations = (
				3B02517A2FEADC7E009296BA /* Debug */,
				3B02517B2FEADC7E009296BA /* Release */,
			);
			defaultConfigurationIsVisible = 0;
			defaultConfigurationName = Release;
		};
		3B02517C2FEADC7E009296BA /* Build configuration list for PBXNativeTarget "MovieHubUITests" */ = {
			isa = XCConfigurationList;
			buildConfigurations = (
				3B02517D2FEADC7E009296BA /* Debug */,
				3B02517E2FEADC7E009296BA /* Release */,
			);
			defaultConfigurationIsVisible = 0;
			defaultConfigurationName = Release;
		};
/* End XCConfigurationList section */
	};
	rootObject = 3B0251432FEADC7D009296BA /* Project object */;
}
